
Microsoft Visual Studio Solution File, Format Version 12.00
# Visual Studio Version 17
VisualStudioVersion = 17.5.002.0
MinimumVisualStudioVersion = 10.0.40219.1
Project("{9A19103F-16F7-4668-BE54-9A1E7A4F7556}") = "Library", "Library\Library.csproj", "{EE3582BA-677A-4431-B483-FF4988B9B0AE}"
EndProject
Project("{9A19103F-16F7-4668-BE54-9A1E7A4F7556}") = "Program", "Program\Program.csproj", "{B9044B83-825B-4460-8AFE-113B45D327C1}"
EndProject
Global
	GlobalSection(SolutionConfigurationPlatforms) = preSolution
		Debug|Any CPU = Debug|Any CPU
		Release|Any CPU = Release|Any CPU
	EndGlobalSection
	GlobalSection(ProjectConfigurationPlatforms) = postSolution
		{EE3582BA-677A-4431-B483-FF4988B9B0AE}.Debug|Any CPU.ActiveCfg = Debug|Any CPU
		{EE3582BA-677A-4431-B483-FF4988B9B0AE}.Debug|Any CPU.Build.0 = Debug|Any CPU
		{EE3582BA-677A-4431-B483-FF4988B9B0AE}.Release|Any CPU.ActiveCfg = Release|Any CPU
		{EE3582BA-677A-4431-B483-FF4988B9B0AE}.Release|Any CPU.Build.0 = Release|Any CPU
		{B9044B83-825B-4460-8AFE-113B45D327C1}.Debug|Any CPU.ActiveCfg = Debug|Any CPU
		{B9044B83-825B-4460-8AFE-113B45D327C1}.Debug|Any CPU.Build.0 = Debug|Any CPU
		{B9044B83-825B-4460-8AFE-113B45D327C1}.Release|Any CPU.ActiveCfg = Release|Any CPU
		{B9044B83-825B-4460-8AFE-113B45D327C1}.Release|Any CPU.Build.0 = Release|Any CPU
	EndGlobalSection
	GlobalSection(SolutionProperties) = preSolution
		HideSolutionNode = FALSE
	EndGlobalSection
	GlobalSection(ExtensibilityGlobals) = postSolution
		SolutionGuid = {BD722959-7FB3-440B-923A-32FD4BF9684A}
	EndGlobalSection
EndGlobal
